
Microsoft Visual Studio Solution File, Format Version 12.00
# Visual Studio 15
VisualStudioVersion = 15.0.26430.6
MinimumVisualStudioVersion = 10.0.40219.1
Project("{FAE04EC0-301F-11D3-BF4B-00C04F79EFBC}") = "ModMonitor", "ModMonitor\ModMonitor.csproj", "{B0FB5CBD-0173-4E10-9967-3DB6FD33DB25}"
EndProject
Project("{FAE04EC0-301F-11D3-BF4B-00C04F79EFBC}") = "LibDnaSerial", "LibDnaSerial\LibDnaSerial.csproj", "{BB9ACC29-53E4-4913-9CB6-32D719690C65}"
	ProjectSection(ProjectDependencies) = postProject
		{C40D1304-3113-4A0B-9822-1DF1820FA1D4} = {C40D1304-3113-4A0B-9822-1DF1820FA1D4}
	EndProjectSection
EndProject
Project("{FAE04EC0-301F-11D3-BF4B-00C04F79EFBC}") = "LibDnaSerial.Test", "LibDnaSerial.Test\LibDnaSerial.Test.csproj", "{859EE199-5DC6-43B0-A789-CD3ACC1F11C9}"
EndProject
Project("{8BC9CEB8-8B4A-11D0-8D11-00A0C91BC942}") = "NativeSerialConnection", "NativeSerialConnection\NativeSerialConnection.vcxproj", "{C40D1304-3113-4A0B-9822-1DF1820FA1D4}"
EndProject
Project("{8BC9CEB8-8B4A-11D0-8D11-00A0C91BC942}") = "NativeSerialConnection.Test", "NativeSerialConnection.Test\NativeSerialConnection.Test.vcxproj", "{3BEED7D8-4460-4E15-923C-6F8E62049597}"
	ProjectSection(ProjectDependencies) = postProject
		{C40D1304-3113-4A0B-9822-1DF1820FA1D4} = {C40D1304-3113-4A0B-9822-1DF1820FA1D4}
	EndProjectSection
EndProject
Project("{2150E333-8FDC-42A3-9474-1A3956D46DE8}") = "Solution Items", "Solution Items", "{49959966-7073-41E3-9CE8-19E702A52BE6}"
	ProjectSection(SolutionItems) = preProject
		appveyor.yml = appveyor.yml
		LICENSE = LICENSE
		README.md = README.md
	EndProjectSection
EndProject
Global
	GlobalSection(SolutionConfigurationPlatforms) = preSolution
		Debug|x64 = Debug|x64
		Debug|x86 = Debug|x86
		DebugPortable|x64 = DebugPortable|x64
		DebugPortable|x86 = DebugPortable|x86
		Release|x64 = Release|x64
		Release|x86 = Release|x86
		ReleasePortable|x64 = ReleasePortable|x64
		ReleasePortable|x86 = ReleasePortable|x86
	EndGlobalSection
	GlobalSection(ProjectConfigurationPlatforms) = postSolution
		{B0FB5CBD-0173-4E10-9967-3DB6FD33DB25}.Debug|x64.ActiveCfg = Debug|x64
		{B0FB5CBD-0173-4E10-9967-3DB6FD33DB25}.Debug|x64.Build.0 = Debug|x64
		{B0FB5CBD-0173-4E10-9967-3DB6FD33DB25}.Debug|x86.ActiveCfg = Debug|x86
		{B0FB5CBD-0173-4E10-9967-3DB6FD33DB25}.Debug|x86.Build.0 = Debug|x86
		{B0FB5CBD-0173-4E10-9967-3DB6FD33DB25}.DebugPortable|x64.ActiveCfg = DebugPortable|x64
		{B0FB5CBD-0173-4E10-9967-3DB6FD33DB25}.DebugPortable|x64.Build.0 = DebugPortable|x64
		{B0FB5CBD-0173-4E10-9967-3DB6FD33DB25}.DebugPortable|x86.ActiveCfg = DebugPortable|x86
		{B0FB5CBD-0173-4E10-9967-3DB6FD33DB25}.DebugPortable|x86.Build.0 = DebugPortable|x86
		{B0FB5CBD-0173-4E10-9967-3DB6FD33DB25}.Release|x64.ActiveCfg = Release|x64
		{B0FB5CBD-0173-4E10-9967-3DB6FD33DB25}.Release|x64.Build.0 = Release|x64
		{B0FB5CBD-0173-4E10-9967-3DB6FD33DB25}.Release|x86.ActiveCfg = Release|x86
		{B0FB5CBD-0173-4E10-9967-3DB6FD33DB25}.Release|x86.Build.0 = Release|x86
		{B0FB5CBD-0173-4E10-9967-3DB6FD33DB25}.ReleasePortable|x64.ActiveCfg = ReleasePortable|x64
		{B0FB5CBD-0173-4E10-9967-3DB6FD33DB25}.ReleasePortable|x64.Build.0 = ReleasePortable|x64
		{B0FB5CBD-0173-4E10-9967-3DB6FD33DB25}.ReleasePortable|x86.ActiveCfg = ReleasePortable|x86
		{B0FB5CBD-0173-4E10-9967-3DB6FD33DB25}.ReleasePortable|x86.Build.0 = ReleasePortable|x86
		{BB9ACC29-53E4-4913-9CB6-32D719690C65}.Debug|x64.ActiveCfg = Debug|x64
		{BB9ACC29-53E4-4913-9CB6-32D719690C65}.Debug|x64.Build.0 = Debug|x64
		{BB9ACC29-53E4-4913-9CB6-32D719690C65}.Debug|x86.ActiveCfg = Debug|x86
		{BB9ACC29-53E4-4913-9CB6-32D719690C65}.Debug|x86.Build.0 = Debug|x86
		{BB9ACC29-53E4-4913-9CB6-32D719690C65}.DebugPortable|x64.ActiveCfg = Debug|x64
		{BB9ACC29-53E4-4913-9CB6-32D719690C65}.DebugPortable|x64.Build.0 = Debug|x64
		{BB9ACC29-53E4-4913-9CB6-32D719690C65}.DebugPortable|x86.ActiveCfg = Debug|x86
		{BB9ACC29-53E4-4913-9CB6-32D719690C65}.DebugPortable|x86.Build.0 = Debug|x86
		{BB9ACC29-53E4-4913-9CB6-32D719690C65}.Release|x64.ActiveCfg = Release|x64
		{BB9ACC29-53E4-4913-9CB6-32D719690C65}.Release|x64.Build.0 = Release|x64
		{BB9ACC29-53E4-4913-9CB6-32D719690C65}.Release|x86.ActiveCfg = Release|x86
		{BB9ACC29-53E4-4913-9CB6-32D719690C65}.Release|x86.Build.0 = Release|x86
		{BB9ACC29-53E4-4913-9CB6-32D719690C65}.ReleasePortable|x64.ActiveCfg = Release|x64
		{BB9ACC29-53E4-4913-9CB6-32D719690C65}.ReleasePortable|x64.Build.0 = Release|x64
		{BB9ACC29-53E4-4913-9CB6-32D719690C65}.ReleasePortable|x86.ActiveCfg = Release|x86
		{BB9ACC29-53E4-4913-9CB6-32D719690C65}.ReleasePortable|x86.Build.0 = Release|x86
		{859EE199-5DC6-43B0-A789-CD3ACC1F11C9}.Debug|x64.ActiveCfg = Debug|x64
		{859EE199-5DC6-43B0-A789-CD3ACC1F11C9}.Debug|x64.Build.0 = Debug|x64
		{859EE199-5DC6-43B0-A789-CD3ACC1F11C9}.Debug|x86.ActiveCfg = Debug|x86
		{859EE199-5DC6-43B0-A789-CD3ACC1F11C9}.Debug|x86.Build.0 = Debug|x86
		{859EE199-5DC6-43B0-A789-CD3ACC1F11C9}.DebugPortable|x64.ActiveCfg = Debug|x64
		{859EE199-5DC6-43B0-A789-CD3ACC1F11C9}.DebugPortable|x64.Build.0 = Debug|x64
		{859EE199-5DC6-43B0-A789-CD3ACC1F11C9}.DebugPortable|x86.ActiveCfg = Debug|x86
		{859EE199-5DC6-43B0-A789-CD3ACC1F11C9}.DebugPortable|x86.Build.0 = Debug|x86
		{859EE199-5DC6-43B0-A789-CD3ACC1F11C9}.Release|x64.ActiveCfg = Release|x64
		{859EE199-5DC6-43B0-A789-CD3ACC1F11C9}.Release|x64.Build.0 = Release|x64
		{859EE199-5DC6-43B0-A789-CD3ACC1F11C9}.Release|x86.ActiveCfg = Release|x86
		{859EE199-5DC6-43B0-A789-CD3ACC1F11C9}.Release|x86.Build.0 = Release|x86
		{859EE199-5DC6-43B0-A789-CD3ACC1F11C9}.ReleasePortable|x64.ActiveCfg = Release|x64
		{859EE199-5DC6-43B0-A789-CD3ACC1F11C9}.ReleasePortable|x64.Build.0 = Release|x64
		{859EE199-5DC6-43B0-A789-CD3ACC1F11C9}.ReleasePortable|x86.ActiveCfg = Release|x86
		{859EE199-5DC6-43B0-A789-CD3ACC1F11C9}.ReleasePortable|x86.Build.0 = Release|x86
		{C40D1304-3113-4A0B-9822-1DF1820FA1D4}.Debug|x64.ActiveCfg = Debug|x64
		{C40D1304-3113-4A0B-9822-1DF1820FA1D4}.Debug|x64.Build.0 = Debug|x64
		{C40D1304-3113-4A0B-9822-1DF1820FA1D4}.Debug|x86.ActiveCfg = Debug|Win32
		{C40D1304-3113-4A0B-9822-1DF1820FA1D4}.Debug|x86.Build.0 = Debug|Win32
		{C40D1304-3113-4A0B-9822-1DF1820FA1D4}.DebugPortable|x64.ActiveCfg = Debug|x64
		{C40D1304-3113-4A0B-9822-1DF1820FA1D4}.DebugPortable|x64.Build.0 = Debug|x64
		{C40D1304-3113-4A0B-9822-1DF1820FA1D4}.DebugPortable|x86.ActiveCfg = Debug|Win32
		{C40D1304-3113-4A0B-9822-1DF1820FA1D4}.DebugPortable|x86.Build.0 = Debug|Win32
		{C40D1304-3113-4A0B-9822-1DF1820FA1D4}.Release|x64.ActiveCfg = Release|x64
		{C40D1304-3113-4A0B-9822-1DF1820FA1D4}.Release|x64.Build.0 = Release|x64
		{C40D1304-3113-4A0B-9822-1DF1820FA1D4}.Release|x86.ActiveCfg = Release|Win32
		{C40D1304-3113-4A0B-9822-1DF1820FA1D4}.Release|x86.Build.0 = Release|Win32
		{C40D1304-3113-4A0B-9822-1DF1820FA1D4}.ReleasePortable|x64.ActiveCfg = Release|x64
		{C40D1304-3113-4A0B-9822-1DF1820FA1D4}.ReleasePortable|x64.Build.0 = Release|x64
		{C40D1304-3113-4A0B-9822-1DF1820FA1D4}.ReleasePortable|x86.ActiveCfg = Release|Win32
		{C40D1304-3113-4A0B-9822-1DF1820FA1D4}.ReleasePortable|x86.Build.0 = Release|Win32
		{3BEED7D8-4460-4E15-923C-6F8E62049597}.Debug|x64.ActiveCfg = Debug|x64
		{3BEED7D8-4460-4E15-923C-6F8E62049597}.Debug|x64.Build.0 = Debug|x64
		{3BEED7D8-4460-4E15-923C-6F8E62049597}.Debug|x86.ActiveCfg = Debug|Win32
		{3BEED7D8-4460-4E15-923C-6F8E62049597}.Debug|x86.Build.0 = Debug|Win32
		{3BEED7D8-4460-4E15-923C-6F8E62049597}.DebugPortable|x64.ActiveCfg = Debug|x64
		{3BEED7D8-4460-4E15-923C-6F8E62049597}.DebugPortable|x64.Build.0 = Debug|x64
		{3BEED7D8-4460-4E15-923C-6F8E62049597}.DebugPortable|x86.ActiveCfg = Debug|Win32
		{3BEED7D8-4460-4E15-923C-6F8E62049597}.DebugPortable|x86.Build.0 = Debug|Win32
		{3BEED7D8-4460-4E15-923C-6F8E62049597}.Release|x64.ActiveCfg = Release|x64
		{3BEED7D8-4460-4E15-923C-6F8E62049597}.Release|x64.Build.0 = Release|x64
		{3BEED7D8-4460-4E15-923C-6F8E62049597}.Release|x86.ActiveCfg = Release|Win32
		{3BEED7D8-4460-4E15-923C-6F8E62049597}.Release|x86.Build.0 = Release|Win32
		{3BEED7D8-4460-4E15-923C-6F8E62049597}.ReleasePortable|x64.ActiveCfg = Release|x64
		{3BEED7D8-4460-4E15-923C-6F8E62049597}.ReleasePortable|x64.Build.0 = Release|x64
		{3BEED7D8-4460-4E15-923C-6F8E62049597}.ReleasePortable|x86.ActiveCfg = Release|Win32
		{3BEED7D8-4460-4E15-923C-6F8E62049597}.ReleasePortable|x86.Build.0 = Release|Win32
	EndGlobalSection
	GlobalSection(SolutionProperties) = preSolution
		HideSolutionNode = FALSE
	EndGlobalSection
EndGlobal
